Microsoft Visual Studio Solution File, Format Version 12.00
# Visual Studio Version 17
VisualStudioVersion = 17.0.31611.283
MinimumVisualStudioVersion = 10.0.40219.1
Project("{9A19103F-16F7-4668-BE54-9A1E7A4F7556}") = "CssIsolation.Working", "CssIsolation.Working\CssIsolation.Working.csproj", "{5ADEB64A-6131-4ECF-BD33-D27182942282}"
EndProject
Project("{FAE04EC0-301F-11D3-BF4B-00C04F79EFBC}") = "CssIsolation.NotWorking", "CssIsolation.NotWorking\CssIsolation.NotWorking.csproj", "{19708697-50CC-4CE5-AFF8-45761975D83F}"
EndProject
Global
	GlobalSection(SolutionConfigurationPlatforms) = preSolution
		Debug|Any CPU = Debug|Any CPU
		Release|Any CPU = Release|Any CPU
	EndGlobalSection
	GlobalSection(ProjectConfigurationPlatforms) = postSolution
		{5ADEB64A-6131-4ECF-BD33-D27182942282}.Debug|Any CPU.ActiveCfg = Debug|Any CPU
		{5ADEB64A-6131-4ECF-BD33-D27182942282}.Debug|Any CPU.Build.0 = Debug|Any CPU
		{5ADEB64A-6131-4ECF-BD33-D27182942282}.Debug|Any CPU.Deploy.0 = Debug|Any CPU
		{5ADEB64A-6131-4ECF-BD33-D27182942282}.Release|Any CPU.ActiveCfg = Release|Any CPU
		{5ADEB64A-6131-4ECF-BD33-D27182942282}.Release|Any CPU.Build.0 = Release|Any CPU
		{5ADEB64A-6131-4ECF-BD33-D27182942282}.Release|Any CPU.Deploy.0 = Release|Any CPU
		{19708697-50CC-4CE5-AFF8-45761975D83F}.Debug|Any CPU.ActiveCfg = Debug|Any CPU
		{19708697-50CC-4CE5-AFF8-45761975D83F}.Debug|Any CPU.Build.0 = Debug|Any CPU
		{19708697-50CC-4CE5-AFF8-45761975D83F}.Debug|Any CPU.Deploy.0 = Debug|Any CPU
		{19708697-50CC-4CE5-AFF8-45761975D83F}.Release|Any CPU.ActiveCfg = Release|Any CPU
		{19708697-50CC-4CE5-AFF8-45761975D83F}.Release|Any CPU.Build.0 = Release|Any CPU
		{19708697-50CC-4CE5-AFF8-45761975D83F}.Release|Any CPU.Deploy.0 = Release|Any CPU
	EndGlobalSection
	GlobalSection(SolutionProperties) = preSolution
		HideSolutionNode = FALSE
	EndGlobalSection
	GlobalSection(ExtensibilityGlobals) = postSolution
		SolutionGuid = {61F7FB11-1E47-470C-91E2-47F8143E1572}
	EndGlobalSection
EndGlobal
